// !$*UTF8*$!
{
	archiveVersion = 1;
	classes = {
	};
	objectVersion = 46;
	objects = {

/* Begin PBXBuildFile section */
		942379281B8DD0F400FD8165 /* DrugEnum+ImageRender.swift in Sources */ = {isa = PBXBuildFile; fileRef = 942379271B8DD0F400FD8165 /* DrugEnum+ImageRender.swift */; settings = {ASSET_TAGS = (); }; };
		942D38EE1B787EB200553C79 /* CoreDataStack.swift in Sources */ = {isa = PBXBuildFile; fileRef = 942D38ED1B787EB200553C79 /* CoreDataStack.swift */; };
		942D38F71B78813E00553C79 /* ManagedObjectContextSettable.swift in Sources */ = {isa = PBXBuildFile; fileRef = 942D38F61B78813E00553C79 /* ManagedObjectContextSettable.swift */; };
		942D38FB1B78855600553C79 /* UITabBarViewControllerCoreDataExtension.swift in Sources */ = {isa = PBXBuildFile; fileRef = 942D38FA1B78855600553C79 /* UITabBarViewControllerCoreDataExtension.swift */; };
		942D39001B788B8000553C79 /* RoundCornerButton.swift in Sources */ = {isa = PBXBuildFile; fileRef = 942D38FD1B788B8000553C79 /* RoundCornerButton.swift */; };
		942D39011B788B8000553C79 /* RoundView.swift in Sources */ = {isa = PBXBuildFile; fileRef = 942D38FE1B788B8000553C79 /* RoundView.swift */; };
		942D39021B788B8000553C79 /* RoundLabel.swift in Sources */ = {isa = PBXBuildFile; fileRef = 942D38FF1B788B8000553C79 /* RoundLabel.swift */; };
		942D39051B788BC700553C79 /* RoundUIImageView.swift in Sources */ = {isa = PBXBuildFile; fileRef = 942D39041B788BC700553C79 /* RoundUIImageView.swift */; };
		942D390E1B789DAB00553C79 /* Drug+CoreDataProperties.swift in Sources */ = {isa = PBXBuildFile; fileRef = 942D39081B789DAB00553C79 /* Drug+CoreDataProperties.swift */; };
		942D390F1B789DAB00553C79 /* Drug.swift in Sources */ = {isa = PBXBuildFile; fileRef = 942D39091B789DAB00553C79 /* Drug.swift */; };
		942D39101B789DAB00553C79 /* ExecutionTime+CoreDataProperties.swift in Sources */ = {isa = PBXBuildFile; fileRef = 942D390A1B789DAB00553C79 /* ExecutionTime+CoreDataProperties.swift */; };
		942D39111B789DAB00553C79 /* ExecutionTime.swift in Sources */ = {isa = PBXBuildFile; fileRef = 942D390B1B789DAB00553C79 /* ExecutionTime.swift */; };
		942D39121B789DAB00553C79 /* Medication+CoreDataProperties.swift in Sources */ = {isa = PBXBuildFile; fileRef = 942D390C1B789DAB00553C79 /* Medication+CoreDataProperties.swift */; };
		942D39131B789DAB00553C79 /* Medication.swift in Sources */ = {isa = PBXBuildFile; fileRef = 942D390D1B789DAB00553C79 /* Medication.swift */; };
		942D39151B78AAB800553C79 /* DrugTableViewController.swift in Sources */ = {isa = PBXBuildFile; fileRef = 942D39141B78AAB800553C79 /* DrugTableViewController.swift */; };
		942D39181B78ABBB00553C79 /* DrugTableViewControllerCellConfigure.swift in Sources */ = {isa = PBXBuildFile; fileRef = 942D39171B78ABBB00553C79 /* DrugTableViewControllerCellConfigure.swift */; };
		942D391A1B78ABEF00553C79 /* FetchedResultsDataSourceDelegate.swift in Sources */ = {isa = PBXBuildFile; fileRef = 942D39191B78ABEF00553C79 /* FetchedResultsDataSourceDelegate.swift */; };
		942D391C1B78AC6D00553C79 /* DrugTableViewCell.swift in Sources */ = {isa = PBXBuildFile; fileRef = 942D391B1B78AC6D00553C79 /* DrugTableViewCell.swift */; };
		942D391F1B78AE6A00553C79 /* FetchedResultsDataSource.swift in Sources */ = {isa = PBXBuildFile; fileRef = 942D391E1B78AE6A00553C79 /* FetchedResultsDataSource.swift */; };
		944B2AFF1B8C6B8F0098E1EA /* MedicationTimeViewController.swift in Sources */ = {isa = PBXBuildFile; fileRef = 944B2AFE1B8C6B8F0098E1EA /* MedicationTimeViewController.swift */; };
		944B2B031B8CA2550098E1EA /* ExecutionTimeTableViewDataSourceDelegate.swift in Sources */ = {isa = PBXBuildFile; fileRef = 944B2B021B8CA2550098E1EA /* ExecutionTimeTableViewDataSourceDelegate.swift */; };
		944B2B051B8CA2BA0098E1EA /* ExecutionTimeTableViewCell.swift in Sources */ = {isa = PBXBuildFile; fileRef = 944B2B041B8CA2BA0098E1EA /* ExecutionTimeTableViewCell.swift */; };
		944B2B071B8CAE220098E1EA /* TimeOfDay.swift in Sources */ = {isa = PBXBuildFile; fileRef = 944B2B061B8CAE220098E1EA /* TimeOfDay.swift */; };
		944B2B091B8CFB460098E1EA /* NSDateCreation.swift in Sources */ = {isa = PBXBuildFile; fileRef = 944B2B081B8CFB460098E1EA /* NSDateCreation.swift */; };
		944F21431B59570200ED8A7A /* AppDelegate.swift in Sources */ = {isa = PBXBuildFile; fileRef = 944F21421B59570200ED8A7A /* AppDelegate.swift */; };
		944F21481B59570200ED8A7A /* Main.storyboard in Resources */ = {isa = PBXBuildFile; fileRef = 944F21461B59570200ED8A7A /* Main.storyboard */; };
		944F214B1B59570200ED8A7A /* Medications.xcdatamodeld in Sources */ = {isa = PBXBuildFile; fileRef = 944F21491B59570200ED8A7A /* Medications.xcdatamodeld */; };
		944F215B1B59570200ED8A7A /* MedicationsTests.swift in Sources */ = {isa = PBXBuildFile; fileRef = 944F215A1B59570200ED8A7A /* MedicationsTests.swift */; };
		944F21661B59570200ED8A7A /* MedicationsUITests.swift in Sources */ = {isa = PBXBuildFile; fileRef = 944F21651B59570200ED8A7A /* MedicationsUITests.swift */; };
		944F21791B59573200ED8A7A /* Interface.storyboard in Resources */ = {isa = PBXBuildFile; fileRef = 944F21771B59573200ED8A7A /* Interface.storyboard */; };
		944F217B1B59573200ED8A7A /* Assets.xcassets in Resources */ = {isa = PBXBuildFile; fileRef = 944F217A1B59573200ED8A7A /* Assets.xcassets */; };
		944F21821B59573300ED8A7A /* MediWatch Extension.appex in Embed App Extensions */ = {isa = PBXBuildFile; fileRef = 944F21811B59573300ED8A7A /* MediWatch Extension.appex */; settings = {ATTRIBUTES = (RemoveHeadersOnCopy, ); }; };
		944F21891B59573300ED8A7A /* InterfaceController.swift in Sources */ = {isa = PBXBuildFile; fileRef = 944F21881B59573300ED8A7A /* InterfaceController.swift */; };
		944F218B1B59573300ED8A7A /* ExtensionDelegate.swift in Sources */ = {isa = PBXBuildFile; fileRef = 944F218A1B59573300ED8A7A /* ExtensionDelegate.swift */; };
		944F218D1B59573300ED8A7A /* NotificationController.swift in Sources */ = {isa = PBXBuildFile; fileRef = 944F218C1B59573300ED8A7A /* NotificationController.swift */; };
		944F218F1B59573300ED8A7A /* Assets.xcassets in Resources */ = {isa = PBXBuildFile; fileRef = 944F218E1B59573300ED8A7A /* Assets.xcassets */; };
		944F21931B59573300ED8A7A /* MediWatch.app in Embed Watch Content */ = {isa = PBXBuildFile; fileRef = 944F21751B59573200ED8A7A /* MediWatch.app */; };
		946C04D91B7BD8FA00D93D10 /* DrugRenderEnum.swift in Sources */ = {isa = PBXBuildFile; fileRef = 94D1E6081B7A4B0200B0CD7D /* DrugRenderEnum.swift */; };
		946C04DA1B7BD91000D93D10 /* UIColorPainCodeExtension.swift in Sources */ = {isa = PBXBuildFile; fileRef = 94D1E6051B7A3C3200B0CD7D /* UIColorPainCodeExtension.swift */; };
		947D43361B873D42009F45BA /* DaytimeMedicationViewController.swift in Sources */ = {isa = PBXBuildFile; fileRef = 947D43351B873D42009F45BA /* DaytimeMedicationViewController.swift */; };
		947D43381B87424D009F45BA /* MedicationColors.swift in Sources */ = {isa = PBXBuildFile; fileRef = 947D43371B87424D009F45BA /* MedicationColors.swift */; };
		947F022C1B80A39F006D9C7E /* RepeatEventCreator.swift in Sources */ = {isa = PBXBuildFile; fileRef = 947F022B1B80A39F006D9C7E /* RepeatEventCreator.swift */; };
		947F022E1B80A3BF006D9C7E /* ReapetEventCreatorProtocol.swift in Sources */ = {isa = PBXBuildFile; fileRef = 947F022D1B80A3BF006D9C7E /* ReapetEventCreatorProtocol.swift */; };
		947F02321B81CA17006D9C7E /* FetchedResultsCollectionViewController.swift in Sources */ = {isa = PBXBuildFile; fileRef = 947F02311B81CA17006D9C7E /* FetchedResultsCollectionViewController.swift */; };
		947F02341B81CD43006D9C7E /* FetchedResultsCollectionViewDataSourceDelegate.swift in Sources */ = {isa = PBXBuildFile; fileRef = 947F02331B81CD43006D9C7E /* FetchedResultsCollectionViewDataSourceDelegate.swift */; };
		947F02361B81D0BF006D9C7E /* AddMedicationViewController.swift in Sources */ = {isa = PBXBuildFile; fileRef = 947F02351B81D0BF006D9C7E /* AddMedicationViewController.swift */; };
		947F02381B81D1E5006D9C7E /* AddDrugToMedicationViewControllerExtension.swift in Sources */ = {isa = PBXBuildFile; fileRef = 947F02371B81D1E5006D9C7E /* AddDrugToMedicationViewControllerExtension.swift */; };
		947F023A1B81D25B006D9C7E /* AddDrugToMedicationCell.swift in Sources */ = {isa = PBXBuildFile; fileRef = 947F02391B81D25B006D9C7E /* AddDrugToMedicationCell.swift */; };
		947F023C1B81D7DE006D9C7E /* MedicationTableViewController.swift in Sources */ = {isa = PBXBuildFile; fileRef = 947F023B1B81D7DE006D9C7E /* MedicationTableViewController.swift */; };
		94CA619F1B7F491800FF27F0 /* DrugDetailViewController.swift in Sources */ = {isa = PBXBuildFile; fileRef = 94CA619E1B7F491800FF27F0 /* DrugDetailViewController.swift */; };
		94CA61A11B7F496500FF27F0 /* DrugSettable.swift in Sources */ = {isa = PBXBuildFile; fileRef = 94CA61A01B7F496500FF27F0 /* DrugSettable.swift */; };
		94D1E5EF1B78EAC700B0CD7D /* NSManagedObjectContextExtension.swift in Sources */ = {isa = PBXBuildFile; fileRef = 94D1E5EE1B78EAC700B0CD7D /* NSManagedObjectContextExtension.swift */; };
		94D1E5F31B78EBEB00B0CD7D /* NSManagedObjectExtension.swift in Sources */ = {isa = PBXBuildFile; fileRef = 94D1E5F21B78EBEB00B0CD7D /* NSManagedObjectExtension.swift */; };
		94D1E5F51B78F53700B0CD7D /* UINavigationControllerCoreDataExtension.swift in Sources */ = {isa = PBXBuildFile; fileRef = 94D1E5F41B78F53700B0CD7D /* UINavigationControllerCoreDataExtension.swift */; };
		94D1E6001B7A12CC00B0CD7D /* AddDrugViewController.swift in Sources */ = {isa = PBXBuildFile; fileRef = 94D1E5FF1B7A12CC00B0CD7D /* AddDrugViewController.swift */; };
		94D1E6031B7A3B5D00B0CD7D /* DrugCustomaziationView.swift in Sources */ = {isa = PBXBuildFile; fileRef = 94D1E6021B7A3B5D00B0CD7D /* DrugCustomaziationView.swift */; };
		94D1E6061B7A3C3200B0CD7D /* UIColorPainCodeExtension.swift in Sources */ = {isa = PBXBuildFile; fileRef = 94D1E6051B7A3C3200B0CD7D /* UIColorPainCodeExtension.swift */; };
		94D1E6091B7A4B0200B0CD7D /* DrugRenderEnum.swift in Sources */ = {isa = PBXBuildFile; fileRef = 94D1E6081B7A4B0200B0CD7D /* DrugRenderEnum.swift */; };
		94D1E60B1B7B3CCE00B0CD7D /* CoustomDrugViewController.swift in Sources */ = {isa = PBXBuildFile; fileRef = 94D1E60A1B7B3CCE00B0CD7D /* CoustomDrugViewController.swift */; };
		94D1E60D1B7B44FF00B0CD7D /* CoustomDrugCollectionViewDataSource.swift in Sources */ = {isa = PBXBuildFile; fileRef = 94D1E60C1B7B44FF00B0CD7D /* CoustomDrugCollectionViewDataSource.swift */; };
		94D1E60F1B7B462600B0CD7D /* CustomPillCell.swift in Sources */ = {isa = PBXBuildFile; fileRef = 94D1E60E1B7B462600B0CD7D /* CustomPillCell.swift */; };
		94D1E6151B7B558D00B0CD7D /* RGBColorSlider.m in Sources */ = {isa = PBXBuildFile; fileRef = 94D1E6121B7B558D00B0CD7D /* RGBColorSlider.m */; };
		94D1E6161B7B558D00B0CD7D /* RGBColorSliderDelegate.m in Sources */ = {isa = PBXBuildFile; fileRef = 94D1E6141B7B558D00B0CD7D /* RGBColorSliderDelegate.m */; };
		94D6D8A71B83584100DD5F2D /* DrugDBService.swift in Sources */ = {isa = PBXBuildFile; fileRef = 94D6D8A61B83584100DD5F2D /* DrugDBService.swift */; };
		94D6D8A91B85B56200DD5F2D /* DayTimeSource.swift in Sources */ = {isa = PBXBuildFile; fileRef = 94D6D8A81B85B56200DD5F2D /* DayTimeSource.swift */; };
		94D6D8AB1B85B6C400DD5F2D /* DaytimeCollectionViewDataSource.swift in Sources */ = {isa = PBXBuildFile; fileRef = 94D6D8AA1B85B6C400DD5F2D /* DaytimeCollectionViewDataSource.swift */; };
		94D6D8AD1B85B79E00DD5F2D /* DaytimeCell.swift in Sources */ = {isa = PBXBuildFile; fileRef = 94D6D8AC1B85B79E00DD5F2D /* DaytimeCell.swift */; };
		94E70E3D1B7E5C900070F153 /* Assets.xcassets in Resources */ = {isa = PBXBuildFile; fileRef = 94E70E3C1B7E5C900070F153 /* Assets.xcassets */; };
/* End PBXBuildFile section */

/* Begin PBXContainerItemProxy section */
		944F21571B59570200ED8A7A /* PBXContainerItemProxy */ = {
			isa = PBXContainerItemProxy;
			containerPortal = 944F21371B59570200ED8A7A /* Project object */;
			proxyType = 1;
			remoteGlobalIDString = 944F213E1B59570200ED8A7A;
			remoteInfo = Medications;
		};
		944F21621B59570200ED8A7A /* PBXContainerItemProxy */ = {
			isa = PBXContainerItemProxy;
			containerPortal = 944F21371B59570200ED8A7A /* Project object */;
			proxyType = 1;
			remoteGlobalIDString = 944F213E1B59570200ED8A7A;
			remoteInfo = Medications;
		};
		944F21831B59573300ED8A7A /* PBXContainerItemProxy */ = {
			isa = PBXContainerItemProxy;
			containerPortal = 944F21371B59570200ED8A7A /* Project object */;
			proxyType = 1;
			remoteGlobalIDString = 944F21801B59573300ED8A7A;
			remoteInfo = "MediWatch Extension";
		};
		944F21911B59573300ED8A7A /* PBXContainerItemProxy */ = {
			isa = PBXContainerItemProxy;
			containerPortal = 944F21371B59570200ED8A7A /* Project object */;
			proxyType = 1;
			remoteGlobalIDString = 944F21741B59573200ED8A7A;
			remoteInfo = MediWatch;
		};
/* End PBXContainerItemProxy section */

/* Begin PBXCopyFilesBuildPhase section */
		944F21971B59573300ED8A7A /* Embed App Extensions */ = {
			isa = PBXCopyFilesBuildPhase;
			buildActionMask = 2147483647;
			dstPath = "";
			dstSubfolderSpec = 13;
			files = (
				944F21821B59573300ED8A7A /* MediWatch Extension.appex in Embed App Extensions */,
			);
			name = "Embed App Extensions";
			runOnlyForDeploymentPostprocessing = 0;
		};
		944F219B1B59573300ED8A7A /* Embed Watch Content */ = {
			isa = PBXCopyFilesBuildPhase;
			buildActionMask = 2147483647;
			dstPath = "$(CONTENTS_FOLDER_PATH)/Watch";
			dstSubfolderSpec = 16;
			files = (
				944F21931B59573300ED8A7A /* MediWatch.app in Embed Watch Content */,
			);
			name = "Embed Watch Content";
			runOnlyForDeploymentPostprocessing = 0;
		};
/* End PBXCopyFilesBuildPhase section */

/* Begin PBXFileReference section */
		942379271B8DD0F400FD8165 /* DrugEnum+ImageRender.swift */ = {isa = PBXFileReference; fileEncoding = 4; lastKnownFileType = sourcecode.swift; path = "DrugEnum+ImageRender.swift"; sourceTree = "<group>"; };
		942D38ED1B787EB200553C79 /* CoreDataStack.swift */ = {isa = PBXFileReference; fileEncoding = 4; lastKnownFileType = sourcecode.swift; name = CoreDataStack.swift; path = ../model/CoreDataStack.swift; sourceTree = "<group>"; };
		942D38F61B78813E00553C79 /* ManagedObjectContextSettable.swift */ = {isa = PBXFileReference; fileEncoding = 4; lastKnownFileType = sourcecode.swift; path = ManagedObjectContextSettable.swift; sourceTree = "<group>"; };
		942D38FA1B78855600553C79 /* UITabBarViewControllerCoreDataExtension.swift */ = {isa = PBXFileReference; fileEncoding = 4; lastKnownFileType = sourcecode.swift; path = UITabBarViewControllerCoreDataExtension.swift; sourceTree = "<group>"; };
		942D38FD1B788B8000553C79 /* RoundCornerButton.swift */ = {isa = PBXFileReference; fileEncoding = 4; lastKnownFileType = sourcecode.swift; path = RoundCornerButton.swift; sourceTree = "<group>"; };
		942D38FE1B788B8000553C79 /* RoundView.swift */ = {isa = PBXFileReference; fileEncoding = 4; lastKnownFileType = sourcecode.swift; path = RoundView.swift; sourceTree = "<group>"; };
		942D38FF1B788B8000553C79 /* RoundLabel.swift */ = {isa = PBXFileReference; fileEncoding = 4; lastKnownFileType = sourcecode.swift; path = RoundLabel.swift; sourceTree = "<group>"; };
		942D39041B788BC700553C79 /* RoundUIImageView.swift */ = {isa = PBXFileReference; fileEncoding = 4; lastKnownFileType = sourcecode.swift; path = RoundUIImageView.swift; sourceTree = "<group>"; };
		942D39081B789DAB00553C79 /* Drug+CoreDataProperties.swift */ = {isa = PBXFileReference; fileEncoding = 4; lastKnownFileType = sourcecode.swift; path = "Drug+CoreDataProperties.swift"; sourceTree = "<group>"; };
		942D39091B789DAB00553C79 /* Drug.swift */ = {isa = PBXFileReference; fileEncoding = 4; lastKnownFileType = sourcecode.swift; path = Drug.swift; sourceTree = "<group>"; };
		942D390A1B789DAB00553C79 /* ExecutionTime+CoreDataProperties.swift */ = {isa = PBXFileReference; fileEncoding = 4; lastKnownFileType = sourcecode.swift; path = "ExecutionTime+CoreDataProperties.swift"; sourceTree = "<group>"; };
		942D390B1B789DAB00553C79 /* ExecutionTime.swift */ = {isa = PBXFileReference; fileEncoding = 4; lastKnownFileType = sourcecode.swift; path = ExecutionTime.swift; sourceTree = "<group>"; };
		942D390C1B789DAB00553C79 /* Medication+CoreDataProperties.swift */ = {isa = PBXFileReference; fileEncoding = 4; lastKnownFileType = sourcecode.swift; path = "Medication+CoreDataProperties.swift"; sourceTree = "<group>"; };
		942D390D1B789DAB00553C79 /* Medication.swift */ = {isa = PBXFileReference; fileEncoding = 4; lastKnownFileType = sourcecode.swift; path = Medication.swift; sourceTree = "<group>"; };
		942D39141B78AAB800553C79 /* DrugTableViewController.swift */ = {isa = PBXFileReference; fileEncoding = 4; lastKnownFileType = sourcecode.swift; path = DrugTableViewController.swift; sourceTree = "<group>"; };
		942D39171B78ABBB00553C79 /* DrugTableViewControllerCellConfigure.swift */ = {isa = PBXFileReference; fileEncoding = 4; lastKnownFileType = sourcecode.swift; path = DrugTableViewControllerCellConfigure.swift; sourceTree = "<group>"; };
		942D39191B78ABEF00553C79 /* FetchedResultsDataSourceDelegate.swift */ = {isa = PBXFileReference; fileEncoding = 4; lastKnownFileType = sourcecode.swift; path = FetchedResultsDataSourceDelegate.swift; sourceTree = "<group>"; };
		942D391B1B78AC6D00553C79 /* DrugTableViewCell.swift */ = {isa = PBXFileReference; fileEncoding = 4; lastKnownFileType = sourcecode.swift; path = DrugTableViewCell.swift; sourceTree = "<group>"; };
		942D391E1B78AE6A00553C79 /* FetchedResultsDataSource.swift */ = {isa = PBXFileReference; fileEncoding = 4; lastKnownFileType = sourcecode.swift; path = FetchedResultsDataSource.swift; sourceTree = "<group>"; };
		944B2AFE1B8C6B8F0098E1EA /* MedicationTimeViewController.swift */ = {isa = PBXFileReference; fileEncoding = 4; lastKnownFileType = sourcecode.swift; path = MedicationTimeViewController.swift; sourceTree = "<group>"; };
		944B2B001B8C71E00098E1EA /* de */ = {isa = PBXFileReference; lastKnownFileType = text.plist.strings; name = de; path = de.lproj/Main.strings; sourceTree = "<group>"; };
		944B2B011B8C71E00098E1EA /* de */ = {isa = PBXFileReference; lastKnownFileType = text.plist.strings; name = de; path = de.lproj/Interface.strings; sourceTree = "<group>"; };
		944B2B021B8CA2550098E1EA /* ExecutionTimeTableViewDataSourceDelegate.swift */ = {isa = PBXFileReference; fileEncoding = 4; lastKnownFileType = sourcecode.swift; path = ExecutionTimeTableViewDataSourceDelegate.swift; sourceTree = "<group>"; };
		944B2B041B8CA2BA0098E1EA /* ExecutionTimeTableViewCell.swift */ = {isa = PBXFileReference; fileEncoding = 4; lastKnownFileType = sourcecode.swift; path = ExecutionTimeTableViewCell.swift; sourceTree = "<group>"; };
		944B2B061B8CAE220098E1EA /* TimeOfDay.swift */ = {isa = PBXFileReference; fileEncoding = 4; lastKnownFileType = sourcecode.swift; path = TimeOfDay.swift; sourceTree = "<group>"; };
		944B2B081B8CFB460098E1EA /* NSDateCreation.swift */ = {isa = PBXFileReference; fileEncoding = 4; lastKnownFileType = sourcecode.swift; path = NSDateCreation.swift; sourceTree = "<group>"; };
		944F213F1B59570200ED8A7A /* Medications.app */ = {isa = PBXFileReference; explicitFileType = wrapper.application; includeInIndex = 0; path = Medications.app; sourceTree = BUILT_PRODUCTS_DIR; };
		944F21421B59570200ED8A7A /* AppDelegate.swift */ = {isa = PBXFileReference; lastKnownFileType = sourcecode.swift; path = AppDelegate.swift; sourceTree = "<group>"; };
		944F21471B59570200ED8A7A /* Base */ = {isa = PBXFileReference; lastKnownFileType = file.storyboard; name = Base; path = Base.lproj/Main.storyboard; sourceTree = "<group>"; };
		944F214A1B59570200ED8A7A /* Medications.xcdatamodel */ = {isa = PBXFileReference; lastKnownFileType = wrapper.xcdatamodel; path = Medications.xcdatamodel; sourceTree = "<group>"; };
		944F21511B59570200ED8A7A /* Info.plist */ = {isa = PBXFileReference; lastKnownFileType = text.plist.xml; path = Info.plist; sourceTree = "<group>"; };
		944F21561B59570200ED8A7A /* MedicationsTests.xctest */ = {isa = PBXFileReference; explicitFileType = wrapper.cfbundle; includeInIndex = 0; path = MedicationsTests.xctest; sourceTree = BUILT_PRODUCTS_DIR; };
		944F215A1B59570200ED8A7A /* MedicationsTests.swift */ = {isa = PBXFileReference; lastKnownFileType = sourcecode.swift; path = MedicationsTests.swift; sourceTree = "<group>"; };
		944F215C1B59570200ED8A7A /* Info.plist */ = {isa = PBXFileReference; lastKnownFileType = text.plist.xml; path = Info.plist; sourceTree = "<group>"; };
		944F21611B59570200ED8A7A /* MedicationsUITests.xctest */ = {isa = PBXFileReference; explicitFileType = wrapper.cfbundle; includeInIndex = 0; path = MedicationsUITests.xctest; sourceTree = BUILT_PRODUCTS_DIR; };
		944F21651B59570200ED8A7A /* MedicationsUITests.swift */ = {isa = PBXFileReference; lastKnownFileType = sourcecode.swift; path = MedicationsUITests.swift; sourceTree = "<group>"; };
		944F21671B59570200ED8A7A /* Info.plist */ = {isa = PBXFileReference; lastKnownFileType = text.plist.xml; path = Info.plist; sourceTree = "<group>"; };
		944F21751B59573200ED8A7A /* MediWatch.app */ = {isa = PBXFileReference; explicitFileType = wrapper.application; includeInIndex = 0; path = MediWatch.app; sourceTree = BUILT_PRODUCTS_DIR; };
		944F21781B59573200ED8A7A /* Base */ = {isa = PBXFileReference; lastKnownFileType = file.storyboard; name = Base; path = Base.lproj/Interface.storyboard; sourceTree = "<group>"; };
		944F217A1B59573200ED8A7A /* Assets.xcassets */ = {isa = PBXFileReference; lastKnownFileType = folder.assetcatalog; path = Assets.xcassets; sourceTree = "<group>"; };
		944F217C1B59573200ED8A7A /* Info.plist */ = {isa = PBXFileReference; lastKnownFileType = text.plist.xml; path = Info.plist; sourceTree = "<group>"; };
		944F21811B59573300ED8A7A /* MediWatch Extension.appex */ = {isa = PBXFileReference; explicitFileType = "wrapper.app-extension"; includeInIndex = 0; path = "MediWatch Extension.appex"; sourceTree = BUILT_PRODUCTS_DIR; };
		944F21871B59573300ED8A7A /* PushNotificationPayload.apns */ = {isa = PBXFileReference; lastKnownFileType = text; path = PushNotificationPayload.apns; sourceTree = "<group>"; };
		944F21881B59573300ED8A7A /* InterfaceController.swift */ = {isa = PBXFileReference; lastKnownFileType = sourcecode.swift; path = InterfaceController.swift; sourceTree = "<group>"; };
		944F218A1B59573300ED8A7A /* ExtensionDelegate.swift */ = {isa = PBXFileReference; lastKnownFileType = sourcecode.swift; path = ExtensionDelegate.swift; sourceTree = "<group>"; };
		944F218C1B59573300ED8A7A /* NotificationController.swift */ = {isa = PBXFileReference; lastKnownFileType = sourcecode.swift; path = NotificationController.swift; sourceTree = "<group>"; };
		944F218E1B59573300ED8A7A /* Assets.xcassets */ = {isa = PBXFileReference; lastKnownFileType = folder.assetcatalog; path = Assets.xcassets; sourceTree = "<group>"; };
		944F21901B59573300ED8A7A /* Info.plist */ = {isa = PBXFileReference; lastKnownFileType = text.plist.xml; path = Info.plist; sourceTree = "<group>"; };
		947D43351B873D42009F45BA /* DaytimeMedicationViewController.swift */ = {isa = PBXFileReference; fileEncoding = 4; lastKnownFileType = sourcecode.swift; name = DaytimeMedicationViewController.swift; path = ../DaytimeMedicationViewController.swift; sourceTree = "<group>"; };
		947D43371B87424D009F45BA /* MedicationColors.swift */ = {isa = PBXFileReference; fileEncoding = 4; lastKnownFileType = sourcecode.swift; path = MedicationColors.swift; sourceTree = "<group>"; };
		947F022B1B80A39F006D9C7E /* RepeatEventCreator.swift */ = {isa = PBXFileReference; fileEncoding = 4; lastKnownFileType = sourcecode.swift; path = RepeatEventCreator.swift; sourceTree = "<group>"; };
		947F022D1B80A3BF006D9C7E /* ReapetEventCreatorProtocol.swift */ = {isa = PBXFileReference; fileEncoding = 4; lastKnownFileType = sourcecode.swift; path = ReapetEventCreatorProtocol.swift; sourceTree = "<group>"; };
		947F02311B81CA17006D9C7E /* FetchedResultsCollectionViewController.swift */ = {isa = PBXFileReference; fileEncoding = 4; lastKnownFileType = sourcecode.swift; path = FetchedResultsCollectionViewController.swift; sourceTree = "<group>"; };
		947F02331B81CD43006D9C7E /* FetchedResultsCollectionViewDataSourceDelegate.swift */ = {isa = PBXFileReference; fileEncoding = 4; lastKnownFileType = sourcecode.swift; path = FetchedResultsCollectionViewDataSourceDelegate.swift; sourceTree = "<group>"; };
		947F02351B81D0BF006D9C7E /* AddMedicationViewController.swift */ = {isa = PBXFileReference; fileEncoding = 4; lastKnownFileType = sourcecode.swift; path = AddMedicationViewController.swift; sourceTree = "<group>"; };
		947F02371B81D1E5006D9C7E /* AddDrugToMedicationViewControllerExtension.swift */ = {isa = PBXFileReference; fileEncoding = 4; lastKnownFileType = sourcecode.swift; path = AddDrugToMedicationViewControllerExtension.swift; sourceTree = "<group>"; };
		947F02391B81D25B006D9C7E /* AddDrugToMedicationCell.swift */ = {isa = PBXFileReference; fileEncoding = 4; lastKnownFileType = sourcecode.swift; path = AddDrugToMedicationCell.swift; sourceTree = "<group>"; };
		947F023B1B81D7DE006D9C7E /* MedicationTableViewController.swift */ = {isa = PBXFileReference; fileEncoding = 4; lastKnownFileType = sourcecode.swift; path = MedicationTableViewController.swift; sourceTree = "<group>"; };
		94CA619E1B7F491800FF27F0 /* DrugDetailViewController.swift */ = {isa = PBXFileReference; fileEncoding = 4; lastKnownFileType = sourcecode.swift; path = DrugDetailViewController.swift; sourceTree = "<group>"; };
		94CA61A01B7F496500FF27F0 /* DrugSettable.swift */ = {isa = PBXFileReference; fileEncoding = 4; lastKnownFileType = sourcecode.swift; path = DrugSettable.swift; sourceTree = "<group>"; };
		94D1E5EE1B78EAC700B0CD7D /* NSManagedObjectContextExtension.swift */ = {isa = PBXFileReference; fileEncoding = 4; lastKnownFileType = sourcecode.swift; path = NSManagedObjectContextExtension.swift; sourceTree = "<group>"; };
		94D1E5F21B78EBEB00B0CD7D /* NSManagedObjectExtension.swift */ = {isa = PBXFileReference; fileEncoding = 4; lastKnownFileType = sourcecode.swift; path = NSManagedObjectExtension.swift; sourceTree = "<group>"; };
		94D1E5F41B78F53700B0CD7D /* UINavigationControllerCoreDataExtension.swift */ = {isa = PBXFileReference; fileEncoding = 4; lastKnownFileType = sourcecode.swift; path = UINavigationControllerCoreDataExtension.swift; sourceTree = "<group>"; };
		94D1E5FF1B7A12CC00B0CD7D /* AddDrugViewController.swift */ = {isa = PBXFileReference; fileEncoding = 4; lastKnownFileType = sourcecode.swift; path = AddDrugViewController.swift; sourceTree = "<group>"; };
		94D1E6021B7A3B5D00B0CD7D /* DrugCustomaziationView.swift */ = {isa = PBXFileReference; fileEncoding = 4; lastKnownFileType = sourcecode.swift; path = DrugCustomaziationView.swift; sourceTree = "<group>"; };
		94D1E6051B7A3C3200B0CD7D /* UIColorPainCodeExtension.swift */ = {isa = PBXFileReference; fileEncoding = 4; lastKnownFileType = sourcecode.swift; path = UIColorPainCodeExtension.swift; sourceTree = "<group>"; };
		94D1E6081B7A4B0200B0CD7D /* DrugRenderEnum.swift */ = {isa = PBXFileReference; fileEncoding = 4; lastKnownFileType = sourcecode.swift; path = DrugRenderEnum.swift; sourceTree = "<group>"; };
		94D1E60A1B7B3CCE00B0CD7D /* CoustomDrugViewController.swift */ = {isa = PBXFileReference; fileEncoding = 4; lastKnownFileType = sourcecode.swift; path = CoustomDrugViewController.swift; sourceTree = "<group>"; };
		94D1E60C1B7B44FF00B0CD7D /* CoustomDrugCollectionViewDataSource.swift */ = {isa = PBXFileReference; fileEncoding = 4; lastKnownFileType = sourcecode.swift; path = CoustomDrugCollectionViewDataSource.swift; sourceTree = "<group>"; };
		94D1E60E1B7B462600B0CD7D /* CustomPillCell.swift */ = {isa = PBXFileReference; fileEncoding = 4; lastKnownFileType = sourcecode.swift; path = CustomPillCell.swift; sourceTree = "<group>"; };
		94D1E6111B7B558D00B0CD7D /* RGBColorSlider.h */ = {isa = PBXFileReference; fileEncoding = 4; lastKnownFileType = sourcecode.c.h; path = RGBColorSlider.h; sourceTree = "<group>"; };
		94D1E6121B7B558D00B0CD7D /* RGBColorSlider.m */ = {isa = PBXFileReference; fileEncoding = 4; lastKnownFileType = sourcecode.c.objc; path = RGBColorSlider.m; sourceTree = "<group>"; };
		94D1E6131B7B558D00B0CD7D /* RGBColorSliderDelegate.h */ = {isa = PBXFileReference; fileEncoding = 4; lastKnownFileType = sourcecode.c.h; path = RGBColorSliderDelegate.h; sourceTree = "<group>"; };
		94D1E6141B7B558D00B0CD7D /* RGBColorSliderDelegate.m */ = {isa = PBXFileReference; fileEncoding = 4; lastKnownFileType = sourcecode.c.objc; path = RGBColorSliderDelegate.m; sourceTree = "<group>"; };
		94D1E6171B7B574700B0CD7D /* Medications-Bridging-Header.h */ = {isa = PBXFileReference; fileEncoding = 4; lastKnownFileType = sourcecode.c.h; path = "Medications-Bridging-Header.h"; sourceTree = "<group>"; };
		94D6D8A61B83584100DD5F2D /* DrugDBService.swift */ = {isa = PBXFileReference; fileEncoding = 4; lastKnownFileType = sourcecode.swift; path = DrugDBService.swift; sourceTree = "<group>"; };
		94D6D8A81B85B56200DD5F2D /* DayTimeSource.swift */ = {isa = PBXFileReference; fileEncoding = 4; lastKnownFileType = sourcecode.swift; path = DayTimeSource.swift; sourceTree = "<group>"; };
		94D6D8AA1B85B6C400DD5F2D /* DaytimeCollectionViewDataSource.swift */ = {isa = PBXFileReference; fileEncoding = 4; lastKnownFileType = sourcecode.swift; path = DaytimeCollectionViewDataSource.swift; sourceTree = "<group>"; };
		94D6D8AC1B85B79E00DD5F2D /* DaytimeCell.swift */ = {isa = PBXFileReference; fileEncoding = 4; lastKnownFileType = sourcecode.swift; path = DaytimeCell.swift; sourceTree = "<group>"; };
		94E70E3C1B7E5C900070F153 /* Assets.xcassets */ = {isa = PBXFileReference; lastKnownFileType = folder.assetcatalog; path = Assets.xcassets; sourceTree = "<group>"; };
/* End PBXFileReference section */

/* Begin PBXFrameworksBuildPhase section */
		944F213C1B59570200ED8A7A /* Frameworks */ = {
			isa = PBXFrameworksBuildPhase;
			buildActionMask = 2147483647;
			files = (
			);
			runOnlyForDeploymentPostprocessing = 0;
		};
		944F21531B59570200ED8A7A /* Frameworks */ = {
			isa = PBXFrameworksBuildPhase;
			buildActionMask = 2147483647;
			files = (
			);
			runOnlyForDeploymentPostprocessing = 0;
		};
		944F215E1B59570200ED8A7A /* Frameworks */ = {
			isa = PBXFrameworksBuildPhase;
			buildActionMask = 2147483647;
			files = (
			);
			runOnlyForDeploymentPostprocessing = 0;
		};
		944F217E1B59573300ED8A7A /* Frameworks */ = {
			isa = PBXFrameworksBuildPhase;
			buildActionMask = 2147483647;
			files = (
			);
			runOnlyForDeploymentPostprocessing = 0;
		};
/* End PBXFrameworksBuildPhase section */

/* Begin PBXGroup section */
		942D38EF1B787EB900553C79 /* model */ = {
			isa = PBXGroup;
			children = (
				942D39081B789DAB00553C79 /* Drug+CoreDataProperties.swift */,
				942D39091B789DAB00553C79 /* Drug.swift */,
				942D390A1B789DAB00553C79 /* ExecutionTime+CoreDataProperties.swift */,
				942D390B1B789DAB00553C79 /* ExecutionTime.swift */,
				942D390C1B789DAB00553C79 /* Medication+CoreDataProperties.swift */,
				942D390D1B789DAB00553C79 /* Medication.swift */,
			);
			path = model;
			sourceTree = "<group>";
		};
		942D38F41B7880E700553C79 /* controller */ = {
			isa = PBXGroup;
			children = (
				942D38FC1B7888D300553C79 /* extension */,
				942D38F51B7880FB00553C79 /* protocol */,
				942D39141B78AAB800553C79 /* DrugTableViewController.swift */,
				944B2B021B8CA2550098E1EA /* ExecutionTimeTableViewDataSourceDelegate.swift */,
				947D43351B873D42009F45BA /* DaytimeMedicationViewController.swift */,
				94D1E5FF1B7A12CC00B0CD7D /* AddDrugViewController.swift */,
				94D1E60A1B7B3CCE00B0CD7D /* CoustomDrugViewController.swift */,
				94CA619E1B7F491800FF27F0 /* DrugDetailViewController.swift */,
				947F02351B81D0BF006D9C7E /* AddMedicationViewController.swift */,
				947F023B1B81D7DE006D9C7E /* MedicationTableViewController.swift */,
				944B2AFE1B8C6B8F0098E1EA /* MedicationTimeViewController.swift */,
			);
			path = controller;
			sourceTree = "<group>";
		};
		942D38F51B7880FB00553C79 /* protocol */ = {
			isa = PBXGroup;
			children = (
				94CA61A01B7F496500FF27F0 /* DrugSettable.swift */,
			);
			name = protocol;
			sourceTree = "<group>";
		};
		942D38FC1B7888D300553C79 /* extension */ = {
			isa = PBXGroup;
			children = (
				942D39171B78ABBB00553C79 /* DrugTableViewControllerCellConfigure.swift */,
				94D1E60C1B7B44FF00B0CD7D /* CoustomDrugCollectionViewDataSource.swift */,
				947F02371B81D1E5006D9C7E /* AddDrugToMedicationViewControllerExtension.swift */,
			);
			name = extension;
			sourceTree = "<group>";
		};
		942D39031B788B8C00553C79 /* view */ = {
			isa = PBXGroup;
			children = (
				942D38FD1B788B8000553C79 /* RoundCornerButton.swift */,
				942D38FE1B788B8000553C79 /* RoundView.swift */,
				942D38FF1B788B8000553C79 /* RoundLabel.swift */,
				942D39041B788BC700553C79 /* RoundUIImageView.swift */,
				94D1E6021B7A3B5D00B0CD7D /* DrugCustomaziationView.swift */,
				942D391D1B78AC7300553C79 /* cell */,
			);
			path = view;
			sourceTree = "<group>";
		};
		942D39161B78AB1400553C79 /* CoreData */ = {
			isa = PBXGroup;
			children = (
				94D1E6011B7A20C600B0CD7D /* controller */,
				942D391E1B78AE6A00553C79 /* FetchedResultsDataSource.swift */,
				942D38ED1B787EB200553C79 /* CoreDataStack.swift */,
				94D1E5EE1B78EAC700B0CD7D /* NSManagedObjectContextExtension.swift */,
				94D1E5F21B78EBEB00B0CD7D /* NSManagedObjectExtension.swift */,
				947F02311B81CA17006D9C7E /* FetchedResultsCollectionViewController.swift */,
			);
			name = CoreData;
			path = coreData;
			sourceTree = "<group>";
		};
		942D391D1B78AC7300553C79 /* cell */ = {
			isa = PBXGroup;
			children = (
				94D6D8AC1B85B79E00DD5F2D /* DaytimeCell.swift */,
				947F02391B81D25B006D9C7E /* AddDrugToMedicationCell.swift */,
				94D1E60E1B7B462600B0CD7D /* CustomPillCell.swift */,
				942D391B1B78AC6D00553C79 /* DrugTableViewCell.swift */,
				944B2B041B8CA2BA0098E1EA /* ExecutionTimeTableViewCell.swift */,
			);
			name = cell;
			sourceTree = "<group>";
		};
		944F21361B59570200ED8A7A = {
			isa = PBXGroup;
			children = (
				944F21411B59570200ED8A7A /* Medications */,
				944F21591B59570200ED8A7A /* MedicationsTests */,
				944F21641B59570200ED8A7A /* MedicationsUITests */,
				944F21761B59573200ED8A7A /* MediWatch */,
				944F21851B59573300ED8A7A /* MediWatch Extension */,
				944F21401B59570200ED8A7A /* Products */,
			);
			sourceTree = "<group>";
		};
		944F21401B59570200ED8A7A /* Products */ = {
			isa = PBXGroup;
			children = (
				944F213F1B59570200ED8A7A /* Medications.app */,
				944F21561B59570200ED8A7A /* MedicationsTests.xctest */,
				944F21611B59570200ED8A7A /* MedicationsUITests.xctest */,
				944F21751B59573200ED8A7A /* MediWatch.app */,
				944F21811B59573300ED8A7A /* MediWatch Extension.appex */,
			);
			name = Products;
			sourceTree = "<group>";
		};
		944F21411B59570200ED8A7A /* Medications */ = {
			isa = PBXGroup;
			children = (
				947F022A1B80A35E006D9C7E /* service */,
				94D1E6071B7A4AD300B0CD7D /* Pill/Drug */,
				94D1E6041B7A3BF400B0CD7D /* libs */,
				942D39161B78AB1400553C79 /* CoreData */,
				942D39031B788B8C00553C79 /* view */,
				942D38F41B7880E700553C79 /* controller */,
				942D38EF1B787EB900553C79 /* model */,
				944F21461B59570200ED8A7A /* Main.storyboard */,
				944F21421B59570200ED8A7A /* AppDelegate.swift */,
				94E70E3C1B7E5C900070F153 /* Assets.xcassets */,
				944F21511B59570200ED8A7A /* Info.plist */,
				944F21491B59570200ED8A7A /* Medications.xcdatamodeld */,
				947D43371B87424D009F45BA /* MedicationColors.swift */,
			);
			path = Medications;
			sourceTree = "<group>";
		};
		944F21591B59570200ED8A7A /* MedicationsTests */ = {
			isa = PBXGroup;
			children = (
				944F215A1B59570200ED8A7A /* MedicationsTests.swift */,
				944F215C1B59570200ED8A7A /* Info.plist */,
			);
			path = MedicationsTests;
			sourceTree = "<group>";
		};
		944F21641B59570200ED8A7A /* MedicationsUITests */ = {
			isa = PBXGroup;
			children = (
				944F21651B59570200ED8A7A /* MedicationsUITests.swift */,
				944F21671B59570200ED8A7A /* Info.plist */,
			);
			path = MedicationsUITests;
			sourceTree = "<group>";
		};
		944F21761B59573200ED8A7A /* MediWatch */ = {
			isa = PBXGroup;
			children = (
				944F21771B59573200ED8A7A /* Interface.storyboard */,
				944F217A1B59573200ED8A7A /* Assets.xcassets */,
				944F217C1B59573200ED8A7A /* Info.plist */,
			);
			path = MediWatch;
			sourceTree = "<group>";
		};
		944F21851B59573300ED8A7A /* MediWatch Extension */ = {
			isa = PBXGroup;
			children = (
				944F21881B59573300ED8A7A /* InterfaceController.swift */,
				944F218A1B59573300ED8A7A /* ExtensionDelegate.swift */,
				944F218C1B59573300ED8A7A /* NotificationController.swift */,
				944F218E1B59573300ED8A7A /* Assets.xcassets */,
				944F21901B59573300ED8A7A /* Info.plist */,
				944F21861B59573300ED8A7A /* Supporting Files */,
			);
			path = "MediWatch Extension";
			sourceTree = "<group>";
		};
		944F21861B59573300ED8A7A /* Supporting Files */ = {
			isa = PBXGroup;
			children = (
				944F21871B59573300ED8A7A /* PushNotificationPayload.apns */,
			);
			name = "Supporting Files";
			sourceTree = "<group>";
		};
		947F022A1B80A35E006D9C7E /* service */ = {
			isa = PBXGroup;
			children = (
				947F022B1B80A39F006D9C7E /* RepeatEventCreator.swift */,
				947F022D1B80A3BF006D9C7E /* ReapetEventCreatorProtocol.swift */,
				94D6D8A61B83584100DD5F2D /* DrugDBService.swift */,
				94D6D8A81B85B56200DD5F2D /* DayTimeSource.swift */,
				94D6D8AA1B85B6C400DD5F2D /* DaytimeCollectionViewDataSource.swift */,
				944B2B061B8CAE220098E1EA /* TimeOfDay.swift */,
				944B2B081B8CFB460098E1EA /* NSDateCreation.swift */,
			);
			path = service;
			sourceTree = "<group>";
		};
		94D1E6011B7A20C600B0CD7D /* controller */ = {
			isa = PBXGroup;
			children = (
				942D38F61B78813E00553C79 /* ManagedObjectContextSettable.swift */,
				942D38FA1B78855600553C79 /* UITabBarViewControllerCoreDataExtension.swift */,
				94D1E5F41B78F53700B0CD7D /* UINavigationControllerCoreDataExtension.swift */,
				942D39191B78ABEF00553C79 /* FetchedResultsDataSourceDelegate.swift */,
				947F02331B81CD43006D9C7E /* FetchedResultsCollectionViewDataSourceDelegate.swift */,
			);
			name = controller;
			sourceTree = "<group>";
		};
		94D1E6041B7A3BF400B0CD7D /* libs */ = {
			isa = PBXGroup;
			children = (
				94D1E6101B7B558D00B0CD7D /* RGBSlider */,
				94D1E6051B7A3C3200B0CD7D /* UIColorPainCodeExtension.swift */,
			);
			path = libs;
			sourceTree = "<group>";
		};
		94D1E6071B7A4AD300B0CD7D /* Pill/Drug */ = {
			isa = PBXGroup;
			children = (
				94D1E6081B7A4B0200B0CD7D /* DrugRenderEnum.swift */,
				942379271B8DD0F400FD8165 /* DrugEnum+ImageRender.swift */,
			);
			name = Pill/Drug;
			sourceTree = "<group>";
		};
		94D1E6101B7B558D00B0CD7D /* RGBSlider */ = {
			isa = PBXGroup;
			children = (
				94D1E6111B7B558D00B0CD7D /* RGBColorSlider.h */,
				94D1E6121B7B558D00B0CD7D /* RGBColorSlider.m */,
				94D1E6131B7B558D00B0CD7D /* RGBColorSliderDelegate.h */,
				94D1E6141B7B558D00B0CD7D /* RGBColorSliderDelegate.m */,
				94D1E6171B7B574700B0CD7D /* Medications-Bridging-Header.h */,
			);
			name = RGBSlider;
			path = Classes;
			sourceTree = "<group>";
		};
/* End PBXGroup section */

/* Begin PBXNativeTarget section */
		944F213E1B59570200ED8A7A /* Medications */ = {
			isa = PBXNativeTarget;
			buildConfigurationList = 944F216A1B59570200ED8A7A /* Build configuration list for PBXNativeTarget "Medications" */;
			buildPhases = (
				944F213B1B59570200ED8A7A /* Sources */,
				944F213C1B59570200ED8A7A /* Frameworks */,
				944F213D1B59570200ED8A7A /* Resources */,
				944F219B1B59573300ED8A7A /* Embed Watch Content */,
			);
			buildRules = (
			);
			dependencies = (
				944F21921B59573300ED8A7A /* PBXTargetDependency */,
			);
			name = Medications;
			productName = Medications;
			productReference = 944F213F1B59570200ED8A7A /* Medications.app */;
			productType = "com.apple.product-type.application";
		};
		944F21551B59570200ED8A7A /* MedicationsTests */ = {
			isa = PBXNativeTarget;
			buildConfigurationList = 944F216D1B59570200ED8A7A /* Build configuration list for PBXNativeTarget "MedicationsTests" */;
			buildPhases = (
				944F21521B59570200ED8A7A /* Sources */,
				944F21531B59570200ED8A7A /* Frameworks */,
				944F21541B59570200ED8A7A /* Resources */,
			);
			buildRules = (
			);
			dependencies = (
				944F21581B59570200ED8A7A /* PBXTargetDependency */,
			);
			name = MedicationsTests;
			productName = MedicationsTests;
			productReference = 944F21561B59570200ED8A7A /* MedicationsTests.xctest */;
			productType = "com.apple.product-type.bundle.unit-test";
		};
		944F21601B59570200ED8A7A /* MedicationsUITests */ = {
			isa = PBXNativeTarget;
			buildConfigurationList = 944F21701B59570200ED8A7A /* Build configuration list for PBXNativeTarget "MedicationsUITests" */;
			buildPhases = (
				944F215D1B59570200ED8A7A /* Sources */,
				944F215E1B59570200ED8A7A /* Frameworks */,
				944F215F1B59570200ED8A7A /* Resources */,
			);
			buildRules = (
			);
			dependencies = (
				944F21631B59570200ED8A7A /* PBXTargetDependency */,
			);
			name = MedicationsUITests;
			productName = MedicationsUITests;
			productReference = 944F21611B59570200ED8A7A /* MedicationsUITests.xctest */;
			productType = "com.apple.product-type.bundle.ui-testing";
		};
		944F21741B59573200ED8A7A /* MediWatch */ = {
			isa = PBXNativeTarget;
			buildConfigurationList = 944F21981B59573300ED8A7A /* Build configuration list for PBXNativeTarget "MediWatch" */;
			buildPhases = (
				944F21731B59573200ED8A7A /* Resources */,
				944F21971B59573300ED8A7A /* Embed App Extensions */,
			);
			buildRules = (
			);
			dependencies = (
				944F21841B59573300ED8A7A /* PBXTargetDependency */,
			);
			name = MediWatch;
			productName = MediWatch;
			productReference = 944F21751B59573200ED8A7A /* MediWatch.app */;
			productType = "com.apple.product-type.application.watchapp2";
		};
		944F21801B59573300ED8A7A /* MediWatch Extension */ = {
			isa = PBXNativeTarget;
			buildConfigurationList = 944F21941B59573300ED8A7A /* Build configuration list for PBXNativeTarget "MediWatch Extension" */;
			buildPhases = (
				944F217D1B59573300ED8A7A /* Sources */,
				944F217E1B59573300ED8A7A /* Frameworks */,
				944F217F1B59573300ED8A7A /* Resources */,
			);
			buildRules = (
			);
			dependencies = (
			);
			name = "MediWatch Extension";
			productName = "MediWatch Extension";
			productReference = 944F21811B59573300ED8A7A /* MediWatch Extension.appex */;
			productType = "com.apple.product-type.watchkit2-extension";
		};
/* End PBXNativeTarget section */

/* Begin PBXProject section */
		944F21371B59570200ED8A7A /* Project object */ = {
			isa = PBXProject;
			attributes = {
				LastUpgradeCheck = 0700;
				ORGANIZATIONNAME = "Lukas Schmidt";
				TargetAttributes = {
					944F213E1B59570200ED8A7A = {
						CreatedOnToolsVersion = 7.0;
					};
					944F21551B59570200ED8A7A = {
						CreatedOnToolsVersion = 7.0;
						TestTargetID = 944F213E1B59570200ED8A7A;
					};
					944F21601B59570200ED8A7A = {
						CreatedOnToolsVersion = 7.0;
						TestTargetID = 944F213E1B59570200ED8A7A;
					};
					944F21741B59573200ED8A7A = {
						CreatedOnToolsVersion = 7.0;
					};
					944F21801B59573300ED8A7A = {
						CreatedOnToolsVersion = 7.0;
					};
				};
			};
			buildConfigurationList = 944F213A1B59570200ED8A7A /* Build configuration list for PBXProject "Medications" */;
			compatibilityVersion = "Xcode 3.2";
			developmentRegion = English;
			hasScannedForEncodings = 0;
			knownRegions = (
				en,
				Base,
			);
			mainGroup = 944F21361B59570200ED8A7A;
			productRefGroup = 944F21401B59570200ED8A7A /* Products */;
			projectDirPath = "";
			projectRoot = "";
			targets = (
				944F213E1B59570200ED8A7A /* Medications */,
				944F21551B59570200ED8A7A /* MedicationsTests */,
				944F21601B59570200ED8A7A /* MedicationsUITests */,
				944F21741B59573200ED8A7A /* MediWatch */,
				944F21801B59573300ED8A7A /* MediWatch Extension */,
			);
		};
/* End PBXProject section */

/* Begin PBXResourcesBuildPhase section */
		944F213D1B59570200ED8A7A /* Resources */ = {
			isa = PBXResourcesBuildPhase;
			buildActionMask = 2147483647;
			files = (
				94E70E3D1B7E5C900070F153 /* Assets.xcassets in Resources */,
				944F21481B59570200ED8A7A /* Main.storyboard in Resources */,
			);
			runOnlyForDeploymentPostprocessing = 0;
		};
		944F21541B59570200ED8A7A /* Resources */ = {
			isa = PBXResourcesBuildPhase;
			buildActionMask = 2147483647;
			files = (
			);
			runOnlyForDeploymentPostprocessing = 0;
		};
		944F215F1B59570200ED8A7A /* Resources */ = {
			isa = PBXResourcesBuildPhase;
			buildActionMask = 2147483647;
			files = (
			);
			runOnlyForDeploymentPostprocessing = 0;
		};
		944F21731B59573200ED8A7A /* Resources */ = {
			isa = PBXResourcesBuildPhase;
			buildActionMask = 2147483647;
			files = (
				944F217B1B59573200ED8A7A /* Assets.xcassets in Resources */,
				944F21791B59573200ED8A7A /* Interface.storyboard in Resources */,
			);
			runOnlyForDeploymentPostprocessing = 0;
		};
		944F217F1B59573300ED8A7A /* Resources */ = {
			isa = PBXResourcesBuildPhase;
			buildActionMask = 2147483647;
			files = (
				944F218F1B59573300ED8A7A /* Assets.xcassets in Resources */,
			);
			runOnlyForDeploymentPostprocessing = 0;
		};
/* End PBXResourcesBuildPhase section */

/* Begin PBXSourcesBuildPhase section */
		944F213B1B59570200ED8A7A /* Sources */ = {
			isa = PBXSourcesBuildPhase;
			buildActionMask = 2147483647;
			files = (
				947F022E1B80A3BF006D9C7E /* ReapetEventCreatorProtocol.swift in Sources */,
				94CA619F1B7F491800FF27F0 /* DrugDetailViewController.swift in Sources */,
				94D1E5F51B78F53700B0CD7D /* UINavigationControllerCoreDataExtension.swift in Sources */,
				947F02341B81CD43006D9C7E /* FetchedResultsCollectionViewDataSourceDelegate.swift in Sources */,
				942379281B8DD0F400FD8165 /* DrugEnum+ImageRender.swift in Sources */,
				944B2B071B8CAE220098E1EA /* TimeOfDay.swift in Sources */,
				94D6D8A71B83584100DD5F2D /* DrugDBService.swift in Sources */,
				94D1E6061B7A3C3200B0CD7D /* UIColorPainCodeExtension.swift in Sources */,
				944B2B031B8CA2550098E1EA /* ExecutionTimeTableViewDataSourceDelegate.swift in Sources */,
				942D38EE1B787EB200553C79 /* CoreDataStack.swift in Sources */,
				944F214B1B59570200ED8A7A /* Medications.xcdatamodeld in Sources */,
				947F02321B81CA17006D9C7E /* FetchedResultsCollectionViewController.swift in Sources */,
				942D39021B788B8000553C79 /* RoundLabel.swift in Sources */,
				94D6D8AB1B85B6C400DD5F2D /* DaytimeCollectionViewDataSource.swift in Sources */,
				944B2AFF1B8C6B8F0098E1EA /* MedicationTimeViewController.swift in Sources */,
				94D1E5EF1B78EAC700B0CD7D /* NSManagedObjectContextExtension.swift in Sources */,
				947F02361B81D0BF006D9C7E /* AddMedicationViewController.swift in Sources */,
				947F023C1B81D7DE006D9C7E /* MedicationTableViewController.swift in Sources */,
				942D39051B788BC700553C79 /* RoundUIImageView.swift in Sources */,
				942D38F71B78813E00553C79 /* ManagedObjectContextSettable.swift in Sources */,
				94D1E6091B7A4B0200B0CD7D /* DrugRenderEnum.swift in Sources */,
				947D43361B873D42009F45BA /* DaytimeMedicationViewController.swift in Sources */,
				942D391A1B78ABEF00553C79 /* FetchedResultsDataSourceDelegate.swift in Sources */,
				94D1E60F1B7B462600B0CD7D /* CustomPillCell.swift in Sources */,
				942D390E1B789DAB00553C79 /* Drug+CoreDataProperties.swift in Sources */,
				94D1E6161B7B558D00B0CD7D /* RGBColorSliderDelegate.m in Sources */,
				94D6D8A91B85B56200DD5F2D /* DayTimeSource.swift in Sources */,
				94CA61A11B7F496500FF27F0 /* DrugSettable.swift in Sources */,
				942D39181B78ABBB00553C79 /* DrugTableViewControllerCellConfigure.swift in Sources */,
				94D1E6031B7A3B5D00B0CD7D /* DrugCustomaziationView.swift in Sources */,
				94D1E6151B7B558D00B0CD7D /* RGBColorSlider.m in Sources */,
				947F02381B81D1E5006D9C7E /* AddDrugToMedicationViewControllerExtension.swift in Sources */,
				944B2B051B8CA2BA0098E1EA /* ExecutionTimeTableViewCell.swift in Sources */,
				942D39111B789DAB00553C79 /* ExecutionTime.swift in Sources */,
				94D1E5F31B78EBEB00B0CD7D /* NSManagedObjectExtension.swift in Sources */,
				942D39151B78AAB800553C79 /* DrugTableViewController.swift in Sources */,
				942D39131B789DAB00553C79 /* Medication.swift in Sources */,
				942D38FB1B78855600553C79 /* UITabBarViewControllerCoreDataExtension.swift in Sources */,
				947F022C1B80A39F006D9C7E /* RepeatEventCreator.swift in Sources */,
				942D39121B789DAB00553C79 /* Medication+CoreDataProperties.swift in Sources */,
				947F023A1B81D25B006D9C7E /* AddDrugToMedicationCell.swift in Sources */,
				94D1E6001B7A12CC00B0CD7D /* AddDrugViewController.swift in Sources */,
				947D43381B87424D009F45BA /* MedicationColors.swift in Sources */,
				942D391F1B78AE6A00553C79 /* FetchedResultsDataSource.swift in Sources */,
				944F21431B59570200ED8A7A /* AppDelegate.swift in Sources */,
				944B2B091B8CFB460098E1EA /* NSDateCreation.swift in Sources */,
				94D1E60D1B7B44FF00B0CD7D /* CoustomDrugCollectionViewDataSource.swift in Sources */,
				942D391C1B78AC6D00553C79 /* DrugTableViewCell.swift in Sources */,
				94D1E60B1B7B3CCE00B0CD7D /* CoustomDrugViewController.swift in Sources */,
				942D39011B788B8000553C79 /* RoundView.swift in Sources */,
				942D39101B789DAB00553C79 /* ExecutionTime+CoreDataProperties.swift in Sources */,
				94D6D8AD1B85B79E00DD5F2D /* DaytimeCell.swift in Sources */,
				942D39001B788B8000553C79 /* RoundCornerButton.swift in Sources */,
				942D390F1B789DAB00553C79 /* Drug.swift in Sources */,
			);
			runOnlyForDeploymentPostprocessing = 0;
		};
		944F21521B59570200ED8A7A /* Sources */ = {
			isa = PBXSourcesBuildPhase;
			buildActionMask = 2147483647;
			files = (
				944F215B1B59570200ED8A7A /* MedicationsTests.swift in Sources */,
			);
			runOnlyForDeploymentPostprocessing = 0;
		};
		944F215D1B59570200ED8A7A /* Sources */ = {
			isa = PBXSourcesBuildPhase;
			buildActionMask = 2147483647;
			files = (
				944F21661B59570200ED8A7A /* MedicationsUITests.swift in Sources */,
			);
			runOnlyForDeploymentPostprocessing = 0;
		};
		944F217D1B59573300ED8A7A /* Sources */ = {
			isa = PBXSourcesBuildPhase;
			buildActionMask = 2147483647;
			files = (
				946C04DA1B7BD91000D93D10 /* UIColorPainCodeExtension.swift in Sources */,
				944F218D1B59573300ED8A7A /* NotificationController.swift in Sources */,
				944F218B1B59573300ED8A7A /* ExtensionDelegate.swift in Sources */,
				946C04D91B7BD8FA00D93D10 /* DrugRenderEnum.swift in Sources */,
				944F21891B59573300ED8A7A /* InterfaceController.swift in Sources */,
			);
			runOnlyForDeploymentPostprocessing = 0;
		};
/* End PBXSourcesBuildPhase section */

/* Begin PBXTargetDependency section */
		944F21581B59570200ED8A7A /* PBXTargetDependency */ = {
			isa = PBXTargetDependency;
			target = 944F213E1B59570200ED8A7A /* Medications */;
			targetProxy = 944F21571B59570200ED8A7A /* PBXContainerItemProxy */;
		};
		944F21631B59570200ED8A7A /* PBXTargetDependency */ = {
			isa = PBXTargetDependency;
			target = 944F213E1B59570200ED8A7A /* Medications */;
			targetProxy = 944F21621B59570200ED8A7A /* PBXContainerItemProxy */;
		};
		944F21841B59573300ED8A7A /* PBXTargetDependency */ = {
			isa = PBXTargetDependency;
			target = 944F21801B59573300ED8A7A /* MediWatch Extension */;
			targetProxy = 944F21831B59573300ED8A7A /* PBXContainerItemProxy */;
		};
		944F21921B59573300ED8A7A /* PBXTargetDependency */ = {
			isa = PBXTargetDependency;
			target = 944F21741B59573200ED8A7A /* MediWatch */;
			targetProxy = 944F21911B59573300ED8A7A /* PBXContainerItemProxy */;
		};
/* End PBXTargetDependency section */

/* Begin PBXVariantGroup section */
		944F21461B59570200ED8A7A /* Main.storyboard */ = {
			isa = PBXVariantGroup;
			children = (
				944F21471B59570200ED8A7A /* Base */,
				944B2B001B8C71E00098E1EA /* de */,
			);
			name = Main.storyboard;
			sourceTree = "<group>";
		};
		944F21771B59573200ED8A7A /* Interface.storyboard */ = {
			isa = PBXVariantGroup;
			children = (
				944F21781B59573200ED8A7A /* Base */,
				944B2B011B8C71E00098E1EA /* de */,
			);
			name = Interface.storyboard;
			sourceTree = "<group>";
		};
/* End PBXVariantGroup section */

/* Begin XCBuildConfiguration section */
		944F21681B59570200ED8A7A /* Debug */ = {
			isa = XCBuildConfiguration;
			buildSettings = {
				ALWAYS_SEARCH_USER_PATHS = NO;
				CLANG_CXX_LANGUAGE_STANDARD = "gnu++0x";
				CLANG_CXX_LIBRARY = "libc++";
				CLANG_ENABLE_MODULES = YES;
				CLANG_ENABLE_OBJC_ARC = YES;
				CLANG_WARN_BOOL_CONVERSION = YES;
				CLANG_WARN_CONSTANT_CONVERSION = YES;
				CLANG_WARN_DIRECT_OBJC_ISA_USAGE = YES_ERROR;
				CLANG_WARN_EMPTY_BODY = YES;
				CLANG_WARN_ENUM_CONVERSION = YES;
				CLANG_WARN_INT_CONVERSION = YES;
				CLANG_WARN_OBJC_ROOT_CLASS = YES_ERROR;
				CLANG_WARN_UNREACHABLE_CODE = YES;
				CLANG_WARN__DUPLICATE_METHOD_MATCH = YES;
				"CODE_SIGN_IDENTITY[sdk=iphoneos*]" = "iPhone Developer";
				COPY_PHASE_STRIP = NO;
				DEBUG_INFORMATION_FORMAT = dwarf;
				ENABLE_STRICT_OBJC_MSGSEND = YES;
				ENABLE_TESTABILITY = YES;
				GCC_C_LANGUAGE_STANDARD = gnu99;
				GCC_DYNAMIC_NO_PIC = NO;
				GCC_NO_COMMON_BLOCKS = YES;
				GCC_OPTIMIZATION_LEVEL = 0;
				GCC_PREPROCESSOR_DEFINITIONS = (
					"DEBUG=1",
					"$(inherited)",
				);
				GCC_WARN_64_TO_32_BIT_CONVERSION = YES;
				GCC_WARN_ABOUT_RETURN_TYPE = YES_ERROR;
				GCC_WARN_UNDECLARED_SELECTOR = YES;
				GCC_WARN_UNINITIALIZED_AUTOS = YES_AGGRESSIVE;
				GCC_WARN_UNUSED_FUNCTION = YES;
				GCC_WARN_UNUSED_VARIABLE = YES;
				IPHONEOS_DEPLOYMENT_TARGET = 9.0;
				MTL_ENABLE_DEBUG_INFO = YES;
				ONLY_ACTIVE_ARCH = YES;
				SDKROOT = iphoneos;
				SWIFT_OPTIMIZATION_LEVEL = "-Onone";
			};
			name = Debug;
		};
		944F21691B59570200ED8A7A /* Release */ = {
			isa = XCBuildConfiguration;
			buildSettings = {
				ALWAYS_SEARCH_USER_PATHS = NO;
				CLANG_CXX_LANGUAGE_STANDARD = "gnu++0x";
				CLANG_CXX_LIBRARY = "libc++";
				CLANG_ENABLE_MODULES = YES;
				CLANG_ENABLE_OBJC_ARC = YES;
				CLANG_WARN_BOOL_CONVERSION = YES;
				CLANG_WARN_CONSTANT_CONVERSION = YES;
				CLANG_WARN_DIRECT_OBJC_ISA_USAGE = YES_ERROR;
				CLANG_WARN_EMPTY_BODY = YES;
				CLANG_WARN_ENUM_CONVERSION = YES;
				CLANG_WARN_INT_CONVERSION = YES;
				CLANG_WARN_OBJC_ROOT_CLASS = YES_ERROR;
				CLANG_WARN_UNREACHABLE_CODE = YES;
				CLANG_WARN__DUPLICATE_METHOD_MATCH = YES;
				"CODE_SIGN_IDENTITY[sdk=iphoneos*]" = "iPhone Developer";
				COPY_PHASE_STRIP = NO;
				DEBUG_INFORMATION_FORMAT = "dwarf-with-dsym";
				ENABLE_NS_ASSERTIONS = NO;
				ENABLE_STRICT_OBJC_MSGSEND = YES;
				GCC_C_LANGUAGE_STANDARD = gnu99;
				GCC_NO_COMMON_BLOCKS = YES;
				GCC_WARN_64_TO_32_BIT_CONVERSION = YES;
				GCC_WARN_ABOUT_RETURN_TYPE = YES_ERROR;
				GCC_WARN_UNDECLARED_SELECTOR = YES;
				GCC_WARN_UNINITIALIZED_AUTOS = YES_AGGRESSIVE;
				GCC_WARN_UNUSED_FUNCTION = YES;
				GCC_WARN_UNUSED_VARIABLE = YES;
				IPHONEOS_DEPLOYMENT_TARGET = 9.0;
				MTL_ENABLE_DEBUG_INFO = NO;
				SDKROOT = iphoneos;
				VALIDATE_PRODUCT = YES;
			};
			name = Release;
		};
		944F216B1B59570200ED8A7A /* Debug */ = {
			isa = XCBuildConfiguration;
			buildSettings = {
				ASSETCATALOG_COMPILER_APPICON_NAME = AppIcon;
				CODE_SIGN_IDENTITY = "iPhone Developer: Dieter Schmidt (UKN6LJWN4G)";
				INFOPLIST_FILE = Medications/Info.plist;
				LD_RUNPATH_SEARCH_PATHS = "$(inherited) @executable_path/Frameworks";
				PRODUCT_BUNDLE_IDENTIFIER = de.freiraum.Medications;
				PRODUCT_NAME = "$(TARGET_NAME)";
				SWIFT_OBJC_BRIDGING_HEADER = "Medications/libs/Classes/Medications-Bridging-Header.h";
				TARGETED_DEVICE_FAMILY = "1,2";
			};
			name = Debug;
		};
		944F216C1B59570200ED8A7A /* Release */ = {
			isa = XCBuildConfiguration;
			buildSettings = {
				ASSETCATALOG_COMPILER_APPICON_NAME = AppIcon;
				CODE_SIGN_IDENTITY = "iPhone Developer: Dieter Schmidt (UKN6LJWN4G)";
				INFOPLIST_FILE = Medications/Info.plist;
				LD_RUNPATH_SEARCH_PATHS = "$(inherited) @executable_path/Frameworks";
				PRODUCT_BUNDLE_IDENTIFIER = de.freiraum.Medications;
				PRODUCT_NAME = "$(TARGET_NAME)";
				SWIFT_OBJC_BRIDGING_HEADER = "Medications/libs/Classes/Medications-Bridging-Header.h";
				TARGETED_DEVICE_FAMILY = "1,2";
			};
			name = Release;
		};
		944F216E1B59570200ED8A7A /* Debug */ = {
			isa = XCBuildConfiguration;
			buildSettings = {
				BUNDLE_LOADER = "$(TEST_HOST)";
				INFOPLIST_FILE = MedicationsTests/Info.plist;
				LD_RUNPATH_SEARCH_PATHS = "$(inherited) @executable_path/Frameworks @loader_path/Frameworks";
				PRODUCT_BUNDLE_IDENTIFIER = de.freiraum.MedicationsTests;
				PRODUCT_NAME = "$(TARGET_NAME)";
				TEST_HOST = "$(BUILT_PRODUCTS_DIR)/Medications.app/Medications";
			};
			name = Debug;
		};
		944F216F1B59570200ED8A7A /* Release */ = {
			isa = XCBuildConfiguration;
			buildSettings = {
				BUNDLE_LOADER = "$(TEST_HOST)";
				INFOPLIST_FILE = MedicationsTests/Info.plist;
				LD_RUNPATH_SEARCH_PATHS = "$(inherited) @executable_path/Frameworks @loader_path/Frameworks";
				PRODUCT_BUNDLE_IDENTIFIER = de.freiraum.MedicationsTests;
				PRODUCT_NAME = "$(TARGET_NAME)";
				TEST_HOST = "$(BUILT_PRODUCTS_DIR)/Medications.app/Medications";
			};
			name = Release;
		};
		944F21711B59570200ED8A7A /* Debug */ = {
			isa = XCBuildConfiguration;
			buildSettings = {
				INFOPLIST_FILE = MedicationsUITests/Info.plist;
				LD_RUNPATH_SEARCH_PATHS = "$(inherited) @executable_path/Frameworks @loader_path/Frameworks";
				PRODUCT_BUNDLE_IDENTIFIER = de.freiraum.MedicationsUITests;
				PRODUCT_NAME = "$(TARGET_NAME)";
				TEST_TARGET_NAME = Medications;
				USES_XCTRUNNER = YES;
			};
			name = Debug;
		};
		944F21721B59570200ED8A7A /* Release */ = {
			isa = XCBuildConfiguration;
			buildSettings = {
				INFOPLIST_FILE = MedicationsUITests/Info.plist;
				LD_RUNPATH_SEARCH_PATHS = "$(inherited) @executable_path/Frameworks @loader_path/Frameworks";
				PRODUCT_BUNDLE_IDENTIFIER = de.freiraum.MedicationsUITests;
				PRODUCT_NAME = "$(TARGET_NAME)";
				TEST_TARGET_NAME = Medications;
				USES_XCTRUNNER = YES;
			};
			name = Release;
		};
		944F21951B59573300ED8A7A /* Debug */ = {
			isa = XCBuildConfiguration;
			buildSettings = {
				INFOPLIST_FILE = "MediWatch Extension/Info.plist";
				LD_RUNPATH_SEARCH_PATHS = "$(inherited) @executable_path/Frameworks @executable_path/../../Frameworks";
				PRODUCT_BUNDLE_IDENTIFIER = de.freiraum.Medications.watchkitapp.watchkitextension;
				PRODUCT_NAME = "${TARGET_NAME}";
				SDKROOT = watchos;
				SKIP_INSTALL = YES;
				TARGETED_DEVICE_FAMILY = 4;
				WATCHOS_DEPLOYMENT_TARGET = 2.0;
			};
			name = Debug;
		};
		944F21961B59573300ED8A7A /* Release */ = {
			isa = XCBuildConfiguration;
			buildSettings = {
				INFOPLIST_FILE = "MediWatch Extension/Info.plist";
				LD_RUNPATH_SEARCH_PATHS = "$(inherited) @executable_path/Frameworks @executable_path/../../Frameworks";
				PRODUCT_BUNDLE_IDENTIFIER = de.freiraum.Medications.watchkitapp.watchkitextension;
				PRODUCT_NAME = "${TARGET_NAME}";
				SDKROOT = watchos;
				SKIP_INSTALL = YES;
				TARGETED_DEVICE_FAMILY = 4;
				WATCHOS_DEPLOYMENT_TARGET = 2.0;
			};
			name = Release;
		};
		944F21991B59573300ED8A7A /* Debug */ = {
			isa = XCBuildConfiguration;
			buildSettings = {
				ASSETCATALOG_COMPILER_APPICON_NAME = AppIcon;
				EMBEDDED_CONTENT_CONTAINS_SWIFT = YES;
				IBSC_MODULE = MediWatch_Extension;
				INFOPLIST_FILE = MediWatch/Info.plist;
				PRODUCT_BUNDLE_IDENTIFIER = de.freiraum.Medications.watchkitapp;
				PRODUCT_NAME = "$(TARGET_NAME)";
				SDKROOT = watchos;
				SKIP_INSTALL = YES;
				TARGETED_DEVICE_FAMILY = 4;
				WATCHOS_DEPLOYMENT_TARGET = 2.0;
			};
			name = Debug;
		};
		944F219A1B59573300ED8A7A /* Release */ = {
			isa = XCBuildConfiguration;
			buildSettings = {
				ASSETCATALOG_COMPILER_APPICON_NAME = AppIcon;
				EMBEDDED_CONTENT_CONTAINS_SWIFT = YES;
				IBSC_MODULE = MediWatch_Extension;
				INFOPLIST_FILE = MediWatch/Info.plist;
				PRODUCT_BUNDLE_IDENTIFIER = de.freiraum.Medications.watchkitapp;
				PRODUCT_NAME = "$(TARGET_NAME)";
				SDKROOT = watchos;
				SKIP_INSTALL = YES;
				TARGETED_DEVICE_FAMILY = 4;
				WATCHOS_DEPLOYMENT_TARGET = 2.0;
			};
			name = Release;
		};
/* End XCBuildConfiguration section */

/* Begin XCConfigurationList section */
		944F213A1B59570200ED8A7A /* Build configuration list for PBXProject "Medications" */ = {
			isa = XCConfigurationList;
			buildConfigurations = (
				944F21681B59570200ED8A7A /* Debug */,
				944F21691B59570200ED8A7A /* Release */,
			);
			defaultConfigurationIsVisible = 0;
			defaultConfigurationName = Release;
		};
		944F216A1B59570200ED8A7A /* Build configuration list for PBXNativeTarget "Medications" */ = {
			isa = XCConfigurationList;
			buildConfigurations = (
				944F216B1B59570200ED8A7A /* Debug */,
				944F216C1B59570200ED8A7A /* Release */,
			);
			defaultConfigurationIsVisible = 0;
			defaultConfigurationName = Release;
		};
		944F216D1B59570200ED8A7A /* Build configuration list for PBXNativeTarget "MedicationsTests" */ = {
			isa = XCConfigurationList;
			buildConfigurations = (
				944F216E1B59570200ED8A7A /* Debug */,
				944F216F1B59570200ED8A7A /* Release */,
			);
			defaultConfigurationIsVisible = 0;
			defaultConfigurationName = Release;
		};
		944F21701B59570200ED8A7A /* Build configuration list for PBXNativeTarget "MedicationsUITests" */ = {
			isa = XCConfigurationList;
			buildConfigurations = (
				944F21711B59570200ED8A7A /* Debug */,
				944F21721B59570200ED8A7A /* Release */,
			);
			defaultConfigurationIsVisible = 0;
			defaultConfigurationName = Release;
		};
		944F21941B59573300ED8A7A /* Build configuration list for PBXNativeTarget "MediWatch Extension" */ = {
			isa = XCConfigurationList;
			buildConfigurations = (
				944F21951B59573300ED8A7A /* Debug */,
				944F21961B59573300ED8A7A /* Release */,
			);
			defaultConfigurationIsVisible = 0;
			defaultConfigurationName = Release;
		};
		944F21981B59573300ED8A7A /* Build configuration list for PBXNativeTarget "MediWatch" */ = {
			isa = XCConfigurationList;
			buildConfigurations = (
				944F21991B59573300ED8A7A /* Debug */,
				944F219A1B59573300ED8A7A /* Release */,
			);
			defaultConfigurationIsVisible = 0;
			defaultConfigurationName = Release;
		};
/* End XCConfigurationList section */

/* Begin XCVersionGroup section */
		944F21491B59570200ED8A7A /* Medications.xcdatamodeld */ = {
			isa = XCVersionGroup;
			children = (
				944F214A1B59570200ED8A7A /* Medications.xcdatamodel */,
			);
			currentVersion = 944F214A1B59570200ED8A7A /* Medications.xcdatamodel */;
			path = Medications.xcdatamodeld;
			sourceTree = "<group>";
			versionGroupType = wrapper.xcdatamodel;
		};
/* End XCVersionGroup section */
	};
	rootObject = 944F21371B59570200ED8A7A /* Project object */;
}
